
Microsoft Visual Studio Solution File, Format Version 12.00
# Visual Studio 15
VisualStudioVersion = 15.0.27428.2015
MinimumVisualStudioVersion = 10.0.40219.1
Project("{FAE04EC0-301F-11D3-BF4B-00C04F79EFBC}") = "RecipeBook", "RecipeBook\RecipeBook.csproj", "{F5FC0B95-014C-479D-966E-CED04DDB5AFB}"
EndProject
Global
	GlobalSection(SolutionConfigurationPlatforms) = preSolution
		Debug|Any CPU = Debug|Any CPU
		Release|Any CPU = Release|Any CPU
	EndGlobalSection
	GlobalSection(ProjectConfigurationPlatforms) = postSolution
		{F5FC0B95-014C-479D-966E-CED04DDB5AFB}.Debug|Any CPU.ActiveCfg = Debug|Any CPU
		{F5FC0B95-014C-479D-966E-CED04DDB5AFB}.Debug|Any CPU.Build.0 = Debug|Any CPU
		{F5FC0B95-014C-479D-966E-CED04DDB5AFB}.Release|Any CPU.ActiveCfg = Release|Any CPU
		{F5FC0B95-014C-479D-966E-CED04DDB5AFB}.Release|Any CPU.Build.0 = Release|Any CPU
	EndGlobalSection
	GlobalSection(SolutionProperties) = preSolution
		HideSolutionNode = FALSE
	EndGlobalSection
	GlobalSection(ExtensibilityGlobals) = postSolution
		SolutionGuid = {D450C9BC-73C5-4624-BBE4-5D8765A725FB}
	EndGlobalSection
EndGlobal
